
Microsoft Visual Studio Solution File, Format Version 12.00
# Visual Studio Version 16
VisualStudioVersion = 16.0.30204.135
MinimumVisualStudioVersion = 10.0.40219.1
Project("{FAE04EC0-301F-11D3-BF4B-00C04F79EFBC}") = "Nedeljni_II_Bojana_Backo", "Nedeljni_II_Bojana_Backo\Nedeljni_II_Bojana_Backo.csproj", "{9276D5B8-3CD6-48C0-8D22-6982F808412D}"
EndProject
Global
	GlobalSection(SolutionConfigurationPlatforms) = preSolution
		Debug|Any CPU = Debug|Any CPU
		Release|Any CPU = Release|Any CPU
	EndGlobalSection
	GlobalSection(ProjectConfigurationPlatforms) = postSolution
		{9276D5B8-3CD6-48C0-8D22-6982F808412D}.Debug|Any CPU.ActiveCfg = Debug|Any CPU
		{9276D5B8-3CD6-48C0-8D22-6982F808412D}.Debug|Any CPU.Build.0 = Debug|Any CPU
		{9276D5B8-3CD6-48C0-8D22-6982F808412D}.Release|Any CPU.ActiveCfg = Release|Any CPU
		{9276D5B8-3CD6-48C0-8D22-6982F808412D}.Release|Any CPU.Build.0 = Release|Any CPU
	EndGlobalSection
	GlobalSection(SolutionProperties) = preSolution
		HideSolutionNode = FALSE
	EndGlobalSection
	GlobalSection(ExtensibilityGlobals) = postSolution
		SolutionGuid = {816F0E56-DDC0-44CF-A7DE-FA92C665615D}
	EndGlobalSection
EndGlobal
